
Microsoft Visual Studio Solution File, Format Version 11.00
# Visual Studio 2010
Project("{FAE04EC0-301F-11D3-BF4B-00C04F79EFBC}") = "Assembly-CSharp", "Assembly-CSharp.csproj", "{F2833770-AD5C-95ED-36EE-283ECB44AA03}"
EndProject
Project("{FAE04EC0-301F-11D3-BF4B-00C04F79EFBC}") = "Google.Protobuf", "Google.Protobuf.csproj", "{5811ADC5-77DF-E664-6631-0F688DA0844D}"
EndProject
Project("{FAE04EC0-301F-11D3-BF4B-00C04F79EFBC}") = "Assembly-CSharp-Editor", "Assembly-CSharp-Editor.csproj", "{6062C5CE-02F5-B74B-61DF-2961EBE5E1F8}"
EndProject
Global
	GlobalSection(SolutionConfigurationPlatforms) = preSolution
		Debug|Any CPU = Debug|Any CPU
		Release|Any CPU = Release|Any CPU
	EndGlobalSection
	GlobalSection(ProjectConfigurationPlatforms) = postSolution
		{F2833770-AD5C-95ED-36EE-283ECB44AA03}.Debug|Any CPU.ActiveCfg = Debug|Any CPU
		{F2833770-AD5C-95ED-36EE-283ECB44AA03}.Debug|Any CPU.Build.0 = Debug|Any CPU
		{F2833770-AD5C-95ED-36EE-283ECB44AA03}.Release|Any CPU.ActiveCfg = Release|Any CPU
		{F2833770-AD5C-95ED-36EE-283ECB44AA03}.Release|Any CPU.Build.0 = Release|Any CPU
		{5811ADC5-77DF-E664-6631-0F688DA0844D}.Debug|Any CPU.ActiveCfg = Debug|Any CPU
		{5811ADC5-77DF-E664-6631-0F688DA0844D}.Debug|Any CPU.Build.0 = Debug|Any CPU
		{5811ADC5-77DF-E664-6631-0F688DA0844D}.Release|Any CPU.ActiveCfg = Release|Any CPU
		{5811ADC5-77DF-E664-6631-0F688DA0844D}.Release|Any CPU.Build.0 = Release|Any CPU
		{6062C5CE-02F5-B74B-61DF-2961EBE5E1F8}.Debug|Any CPU.ActiveCfg = Debug|Any CPU
		{6062C5CE-02F5-B74B-61DF-2961EBE5E1F8}.Debug|Any CPU.Build.0 = Debug|Any CPU
		{6062C5CE-02F5-B74B-61DF-2961EBE5E1F8}.Release|Any CPU.ActiveCfg = Release|Any CPU
		{6062C5CE-02F5-B74B-61DF-2961EBE5E1F8}.Release|Any CPU.Build.0 = Release|Any CPU
	EndGlobalSection
	GlobalSection(SolutionProperties) = preSolution
		HideSolutionNode = FALSE
	EndGlobalSection
	GlobalSection(MonoDevelopProperties) = preSolution
		StartupItem = Assembly-CSharp.csproj
	EndGlobalSection
EndGlobal
